
Microsoft Visual Studio Solution File, Format Version 12.00
# Visual Studio Version 17
VisualStudioVersion = 17.7.34031.279
MinimumVisualStudioVersion = 10.0.40219.1
Project("{9A19103F-16F7-4668-BE54-9A1E7A4F7556}") = "ECommerce", "ECommerce\ECommerce.csproj", "{0A7DB56E-BBA6-4429-B85E-6680231BF378}"
EndProject
Global
	GlobalSection(SolutionConfigurationPlatforms) = preSolution
		Debug|Any CPU = Debug|Any CPU
		Release|Any CPU = Release|Any CPU
	EndGlobalSection
	GlobalSection(ProjectConfigurationPlatforms) = postSolution
		{0A7DB56E-BBA6-4429-B85E-6680231BF378}.Debug|Any CPU.ActiveCfg = Debug|Any CPU
		{0A7DB56E-BBA6-4429-B85E-6680231BF378}.Debug|Any CPU.Build.0 = Debug|Any CPU
		{0A7DB56E-BBA6-4429-B85E-6680231BF378}.Release|Any CPU.ActiveCfg = Release|Any CPU
		{0A7DB56E-BBA6-4429-B85E-6680231BF378}.Release|Any CPU.Build.0 = Release|Any CPU
	EndGlobalSection
	GlobalSection(SolutionProperties) = preSolution
		HideSolutionNode = FALSE
	EndGlobalSection
	GlobalSection(ExtensibilityGlobals) = postSolution
		SolutionGuid = {938CBDB4-908E-4DB5-95A3-E6A1545A5738}
	EndGlobalSection
EndGlobal
